<?xml version="1.0" encoding="utf-8"?>
<Project ToolsVersion="4.0" xmlns="http://schemas.microsoft.com/developer/msbuild/2003">
  <ItemGroup>
    <Filter Include="Archivos de origen">
      <UniqueIdentifier>{4FC737F1-C7A5-4376-A066-2A32D752A2FF}</UniqueIdentifier>
      <Extensions>cpp;c;cc;cxx;c++;cppm;ixx;def;odl;idl;hpj;bat;asm;asmx</Extensions>
    </Filter>
    <Filter Include="Archivos de encabezado">
      <UniqueIdentifier>{93995380-89BD-4b04-88EB-625FBE52EBFB}</UniqueIdentifier>
      <Extensions>h;hh;hpp;hxx;h++;hm;inl;inc;ipp;xsd</Extensions>
    </Filter>
    <Filter Include="Archivos de recursos">
      <UniqueIdentifier>{67DA6AB6-F800-4c08-8B7A-83BB121AAD01}</UniqueIdentifier>
      <Extensions>rc;ico;cur;bmp;dlg;rc2;rct;bin;rgs;gif;jpg;jpeg;jpe;resx;tiff;tif;png;wav;mfcribbon-ms</Extensions>
    </Filter>
    <Filter Include="Archivos de encabezado\Layers">
      <UniqueIdentifier>{1613a08e-ca83-449c-8ceb-4bbdb8148267}</UniqueIdentifier>
    </Filter>
    <Filter Include="Archivos de origen\Layers">
      <UniqueIdentifier>{af59044a-3ad0-4e53-8ed1-a7c17c4d7a2d}</UniqueIdentifier>
    </Filter>
    <Filter Include="Archivos de encabezado\Actores">
      <UniqueIdentifier>{f9f0cf74-3077-4373-a66b-980339659a5f}</UniqueIdentifier>
    </Filter>
    <Filter Include="Archivos de origen\Actores">
      <UniqueIdentifier>{a1fab35a-6a43-4d90-bea8-45f6892d1d35}</UniqueIdentifier>
    </Filter>
    <Filter Include="Archivos de encabezado\Actores\Enemigos">
      <UniqueIdentifier>{e806396e-c091-4d8f-a490-e12d8f891c48}</UniqueIdentifier>
    </Filter>
    <Filter Include="Archivos de origen\Actores\Enemigos">
      <UniqueIdentifier>{9ccf08a0-aaf0-42aa-8288-54dd074c97d5}</UniqueIdentifier>
    </Filter>
    <Filter Include="Archivos de encabezado\Actores\Aliados">
      <UniqueIdentifier>{a8a513e1-def0-4b16-b906-fb1a76232b7c}</UniqueIdentifier>
    </Filter>
    <Filter Include="Archivos de origen\Actores\Aliados">
      <UniqueIdentifier>{966a4733-f891-4546-b2e2-d3d76a392e64}</UniqueIdentifier>
    </Filter>
  </ItemGroup>
  <ItemGroup>
    <ClCompile Include="Main.cpp">
      <Filter>Archivos de origen</Filter>
    </ClCompile>
    <ClCompile Include="Game.cpp">
      <Filter>Archivos de origen</Filter>
    </ClCompile>
    <ClCompile Include="Layer.cpp">
      <Filter>Archivos de origen\Layers</Filter>
    </ClCompile>
    <ClCompile Include="Actor.cpp">
      <Filter>Archivos de origen\Actores</Filter>
    </ClCompile>
    <ClCompile Include="Background.cpp">
      <Filter>Archivos de origen\Actores</Filter>
    </ClCompile>
    <ClCompile Include="GameLayer.cpp">
      <Filter>Archivos de origen\Layers</Filter>
    </ClCompile>
    <ClCompile Include="Animation.cpp">
      <Filter>Archivos de origen</Filter>
    </ClCompile>
    <ClCompile Include="Projectile.cpp">
      <Filter>Archivos de origen\Actores</Filter>
    </ClCompile>
    <ClCompile Include="Enemy.cpp">
      <Filter>Archivos de origen\Actores\Enemigos</Filter>
    </ClCompile>
    <ClCompile Include="Gota.cpp">
      <Filter>Archivos de origen\Actores\Enemigos</Filter>
    </ClCompile>
    <ClCompile Include="Hielo.cpp">
      <Filter>Archivos de origen\Actores\Enemigos</Filter>
    </ClCompile>
    <ClCompile Include="Nube.cpp">
      <Filter>Archivos de origen\Actores\Enemigos</Filter>
    </ClCompile>
    <ClCompile Include="Zombie.cpp">
      <Filter>Archivos de origen\Actores\Aliados</Filter>
    </ClCompile>
    <ClCompile Include="ZombieBasico.cpp">
      <Filter>Archivos de origen\Actores\Aliados</Filter>
    </ClCompile>
    <ClCompile Include="ZombieRapido.cpp">
      <Filter>Archivos de origen\Actores\Aliados</Filter>
    </ClCompile>
    <ClCompile Include="Text.cpp">
      <Filter>Archivos de origen\Actores</Filter>
    </ClCompile>
    <ClCompile Include="ZombieFuerte.cpp">
      <Filter>Archivos de origen\Actores\Aliados</Filter>
    </ClCompile>
    <ClCompile Include="MenuLayer.cpp">
      <Filter>Archivos de origen\Layers</Filter>
    </ClCompile>
    <ClCompile Include="Audio.cpp">
      <Filter>Archivos de origen</Filter>
    </ClCompile>
  </ItemGroup>
  <ItemGroup>
    <ClInclude Include="Game.h">
      <Filter>Archivos de encabezado</Filter>
    </ClInclude>
    <ClInclude Include="Layer.h">
      <Filter>Archivos de encabezado\Layers</Filter>
    </ClInclude>
    <ClInclude Include="Actor.h">
      <Filter>Archivos de encabezado\Actores</Filter>
    </ClInclude>
    <ClInclude Include="Background.h">
      <Filter>Archivos de encabezado\Actores</Filter>
    </ClInclude>
    <ClInclude Include="GameLayer.h">
      <Filter>Archivos de encabezado\Layers</Filter>
    </ClInclude>
    <ClInclude Include="Animation.h">
      <Filter>Archivos de encabezado</Filter>
    </ClInclude>
    <ClInclude Include="Projectile.h">
      <Filter>Archivos de encabezado\Actores</Filter>
    </ClInclude>
    <ClInclude Include="ZombieBasico.h">
      <Filter>Archivos de encabezado\Actores\Aliados</Filter>
    </ClInclude>
    <ClInclude Include="Zombie.h">
      <Filter>Archivos de encabezado\Actores\Aliados</Filter>
    </ClInclude>
    <ClInclude Include="Enemy.h">
      <Filter>Archivos de encabezado\Actores\Enemigos</Filter>
    </ClInclude>
    <ClInclude Include="Gota.h">
      <Filter>Archivos de encabezado\Actores\Enemigos</Filter>
    </ClInclude>
    <ClInclude Include="Hielo.h">
      <Filter>Archivos de encabezado\Actores\Enemigos</Filter>
    </ClInclude>
    <ClInclude Include="Nube.h">
      <Filter>Archivos de encabezado\Actores\Enemigos</Filter>
    </ClInclude>
    <ClInclude Include="ZombieRapido.h">
      <Filter>Archivos de encabezado\Actores\Aliados</Filter>
    </ClInclude>
    <ClInclude Include="Text.h">
      <Filter>Archivos de encabezado\Actores</Filter>
    </ClInclude>
    <ClInclude Include="ZombieFuerte.h">
      <Filter>Archivos de encabezado\Actores\Aliados</Filter>
    </ClInclude>
    <ClInclude Include="MenuLayer.h">
      <Filter>Archivos de encabezado\Layers</Filter>
    </ClInclude>
    <ClInclude Include="Audio.h">
      <Filter>Archivos de encabezado</Filter>
    </ClInclude>
  </ItemGroup>
</Project>